<?xml version="1.0" encoding="UTF-8"?>
<Scheme
   LastUpgradeVersion = "1410"
   wasCreatedForAppExtension = "YES"
   version = "2.0">
   <BuildAction
      parallelizeBuildables = "YES"
      buildImplicitDependencies = "YES">
      <BuildActionEntries>
         <BuildActionEntry
            buildForTesting = "YES"
            buildForRunning = "YES"
            buildForProfiling = "YES"
            buildForArchiving = "YES"
            buildForAnalyzing = "YES">
            <BuildableReference
               BuildableIdentifier = "primary"
               BlueprintIdentifier = "5410A9E428ECF7E5005EC200"
               BuildableName = "SampleWidgetExtension.appex"
               BlueprintName = "SampleWidgetExtension"
               ReferencedContainer = "container:bitrise-screenshot-automation.xcodeproj">
            </BuildableReference>
         </BuildActionEntry>
         <BuildActionEntry
            buildForTesting = "YES"
            buildForRunning = "YES"
            buildForProfiling = "YES"
            buildForArchiving = "YES"
            buildForAnalyzing = "YES">
            <BuildableReference
               BuildableIdentifier = "primary"
               BlueprintIdentifier = "62ECCB4A244E1A3F00AE8BE1"
               BuildableName = "bitrise-screenshot-automation.app"
               BlueprintName = "bitrise-screenshot-automation"
               ReferencedContainer = "container:bitrise-screenshot-automation.xcodeproj">
            </BuildableReference>
         </BuildActionEntry>
      </BuildActionEntries>
   </BuildAction>
   <TestAction
      buildConfiguration = "Debug"
      selectedDebuggerIdentifier = "Xcode.DebuggerFoundation.Debugger.LLDB"
      selectedLauncherIdentifier = "Xcode.DebuggerFoundation.Launcher.LLDB"
      shouldUseLaunchSchemeArgsEnv = "YES">
      <Testables>
      </Testables>
   </TestAction>
   <LaunchAction
      buildConfiguration = "Debug"
      selectedDebuggerIdentifier = ""
      selectedLauncherIdentifier = "Xcode.IDEFoundation.Launcher.PosixSpawn"
      launchStyle = "0"
      askForAppToLaunch = "Yes"
      useCustomWorkingDirectory = "NO"
      ignoresPersistentStateOnLaunch = "NO"
      debugDocumentVersioning = "YES"
      debugServiceExtension = "internal"
      allowLocationSimulation = "YES"
      launchAutomaticallySubstyle = "2">
      <RemoteRunnable
         runnableDebuggingMode = "1"
         BundleIdentifier = "com.coulomb.ChargePoint"
         RemotePath = "/Users/rishabsukumar/Library/Developer/CoreSimulator/Devices/ADF7EE09-943A-4462-99B5-6E8E769B4EB7/data/Containers/Bundle/Application/4A3F38BF-CCB9-46AA-9C71-2D8AE17F2323/CP-QA.app">
      </RemoteRunnable>
      <MacroExpansion>
         <BuildableReference
            BuildableIdentifier = "primary"
            BlueprintIdentifier = "62ECCB4A244E1A3F00AE8BE1"
            BuildableName = "bitrise-screenshot-automation.app"
            BlueprintName = "bitrise-screenshot-automation"
            ReferencedContainer = "container:bitrise-screenshot-automation.xcodeproj">
         </BuildableReference>
      </MacroExpansion>
   </LaunchAction>
   <ProfileAction
      buildConfiguration = "Release"
      shouldUseLaunchSchemeArgsEnv = "YES"
      savedToolIdentifier = ""
      useCustomWorkingDirectory = "NO"
      debugDocumentVersioning = "YES"
      launchAutomaticallySubstyle = "2">
      <BuildableProductRunnable
         runnableDebuggingMode = "0">
         <BuildableReference
            BuildableIdentifier = "primary"
            BlueprintIdentifier = "62ECCB4A244E1A3F00AE8BE1"
            BuildableName = "bitrise-screenshot-automation.app"
            BlueprintName = "bitrise-screenshot-automation"
            ReferencedContainer = "container:bitrise-screenshot-automation.xcodeproj">
         </BuildableReference>
      </BuildableProductRunnable>
   </ProfileAction>
   <AnalyzeAction
      buildConfiguration = "Debug">
   </AnalyzeAction>
   <ArchiveAction
      buildConfiguration = "Release"
      revealArchiveInOrganizer = "YES">
   </ArchiveAction>
</Scheme>
